
Microsoft Visual Studio Solution File, Format Version 12.00
# Visual Studio Version 17
VisualStudioVersion = 17.11.35312.102
MinimumVisualStudioVersion = 10.0.40219.1
Project("{FAE04EC0-301F-11D3-BF4B-00C04F79EFBC}") = "WebApplication1", "WebApplication1.csproj", "{C441EA9A-0B1A-44D4-9746-CE34792278C0}"
EndProject
Global
	GlobalSection(SolutionConfigurationPlatforms) = preSolution
		Debug|Any CPU = Debug|Any CPU
		Release|Any CPU = Release|Any CPU
	EndGlobalSection
	GlobalSection(ProjectConfigurationPlatforms) = postSolution
		{C441EA9A-0B1A-44D4-9746-CE34792278C0}.Debug|Any CPU.ActiveCfg = Debug|Any CPU
		{C441EA9A-0B1A-44D4-9746-CE34792278C0}.Debug|Any CPU.Build.0 = Debug|Any CPU
		{C441EA9A-0B1A-44D4-9746-CE34792278C0}.Release|Any CPU.ActiveCfg = Release|Any CPU
		{C441EA9A-0B1A-44D4-9746-CE34792278C0}.Release|Any CPU.Build.0 = Release|Any CPU
	EndGlobalSection
	GlobalSection(SolutionProperties) = preSolution
		HideSolutionNode = FALSE
	EndGlobalSection
	GlobalSection(ExtensibilityGlobals) = postSolution
		SolutionGuid = {B0E6DD32-5311-42D1-8BC8-23B93A07A429}
	EndGlobalSection
EndGlobal
